
Microsoft Visual Studio Solution File, Format Version 12.00
# Visual Studio Version 16
VisualStudioVersion = 16.0.30717.126
MinimumVisualStudioVersion = 10.0.40219.1
Project("{FAE04EC0-301F-11D3-BF4B-00C04F79EFBC}") = "lab3", "ConsoleApp1\lab3.csproj", "{4BDCD290-AD72-4BAA-B2DA-6861A0B6169D}"
EndProject
Global
	GlobalSection(SolutionConfigurationPlatforms) = preSolution
		Debug|Any CPU = Debug|Any CPU
		Release|Any CPU = Release|Any CPU
	EndGlobalSection
	GlobalSection(ProjectConfigurationPlatforms) = postSolution
		{4BDCD290-AD72-4BAA-B2DA-6861A0B6169D}.Debug|Any CPU.ActiveCfg = Debug|Any CPU
		{4BDCD290-AD72-4BAA-B2DA-6861A0B6169D}.Debug|Any CPU.Build.0 = Debug|Any CPU
		{4BDCD290-AD72-4BAA-B2DA-6861A0B6169D}.Release|Any CPU.ActiveCfg = Release|Any CPU
		{4BDCD290-AD72-4BAA-B2DA-6861A0B6169D}.Release|Any CPU.Build.0 = Release|Any CPU
	EndGlobalSection
	GlobalSection(SolutionProperties) = preSolution
		HideSolutionNode = FALSE
	EndGlobalSection
	GlobalSection(ExtensibilityGlobals) = postSolution
		SolutionGuid = {7E2DBAAE-3936-4195-A008-6565A6293EE8}
	EndGlobalSection
EndGlobal
